
Microsoft Visual Studio Solution File, Format Version 12.00
# Visual Studio Version 17
VisualStudioVersion = 17.14.36616.10 d17.14
MinimumVisualStudioVersion = 10.0.40219.1
Project("{FAE04EC0-301F-11D3-BF4B-00C04F79EFBC}") = "RhyionSystemTask3.PresentationLayer", "RhyionSystemTask3.PresentationLayer\RhyionSystemTask3.PresentationLayer.csproj", "{B14C1756-DB15-4C62-B266-8DD0C271CED0}"
EndProject
Project("{FAE04EC0-301F-11D3-BF4B-00C04F79EFBC}") = "RhyionSystemsTask3.BusinessLogicLayer", "RhyionSystemsTask3.BusinessLogicLayer\RhyionSystemsTask3.BusinessLogicLayer.csproj", "{454EB395-7263-47FB-9D4E-FD36ED2C96E1}"
EndProject
Project("{FAE04EC0-301F-11D3-BF4B-00C04F79EFBC}") = "RhyionSystemTask3.DataAccessLayer", "RhyionSystemTask3.DataAccessLayer\RhyionSystemTask3.DataAccessLayer.csproj", "{FB99A381-60F4-46C3-9218-EDAC854CFD5E}"
EndProject
Global
	GlobalSection(SolutionConfigurationPlatforms) = preSolution
		Debug|Any CPU = Debug|Any CPU
		Release|Any CPU = Release|Any CPU
	EndGlobalSection
	GlobalSection(ProjectConfigurationPlatforms) = postSolution
		{B14C1756-DB15-4C62-B266-8DD0C271CED0}.Debug|Any CPU.ActiveCfg = Debug|Any CPU
		{B14C1756-DB15-4C62-B266-8DD0C271CED0}.Debug|Any CPU.Build.0 = Debug|Any CPU
		{B14C1756-DB15-4C62-B266-8DD0C271CED0}.Release|Any CPU.ActiveCfg = Release|Any CPU
		{B14C1756-DB15-4C62-B266-8DD0C271CED0}.Release|Any CPU.Build.0 = Release|Any CPU
		{454EB395-7263-47FB-9D4E-FD36ED2C96E1}.Debug|Any CPU.ActiveCfg = Debug|Any CPU
		{454EB395-7263-47FB-9D4E-FD36ED2C96E1}.Debug|Any CPU.Build.0 = Debug|Any CPU
		{454EB395-7263-47FB-9D4E-FD36ED2C96E1}.Release|Any CPU.ActiveCfg = Release|Any CPU
		{454EB395-7263-47FB-9D4E-FD36ED2C96E1}.Release|Any CPU.Build.0 = Release|Any CPU
		{FB99A381-60F4-46C3-9218-EDAC854CFD5E}.Debug|Any CPU.ActiveCfg = Debug|Any CPU
		{FB99A381-60F4-46C3-9218-EDAC854CFD5E}.Debug|Any CPU.Build.0 = Debug|Any CPU
		{FB99A381-60F4-46C3-9218-EDAC854CFD5E}.Release|Any CPU.ActiveCfg = Release|Any CPU
		{FB99A381-60F4-46C3-9218-EDAC854CFD5E}.Release|Any CPU.Build.0 = Release|Any CPU
	EndGlobalSection
	GlobalSection(SolutionProperties) = preSolution
		HideSolutionNode = FALSE
	EndGlobalSection
	GlobalSection(ExtensibilityGlobals) = postSolution
		SolutionGuid = {998DAF51-E173-46EF-B948-944110807282}
	EndGlobalSection
EndGlobal
